PODS:
  - Archimedes (1.1)
  - libpd (0.7.0)
  - ObjectiveSugar (1.1.1)
  - ReactiveCocoa (2.4.2):
    - ReactiveCocoa/UI (= 2.4.2)
  - ReactiveCocoa/Core (2.4.2):
    - ReactiveCocoa/no-arc
  - ReactiveCocoa/no-arc (2.4.2)
  - ReactiveCocoa/UI (2.4.2):
    - ReactiveCocoa/Core
  - ReactiveCocoaLayout (0.4):
    - Archimedes
    - ReactiveCocoa (~> 2.0)

DEPENDENCIES:
  - libpd
  - ObjectiveSugar (from `git@github.com:jconst/ObjectiveSugar.git`)
  - ReactiveCocoa
  - ReactiveCocoaLayout

EXTERNAL SOURCES:
  ObjectiveSugar:
    :git: git@github.com:jconst/ObjectiveSugar.git

CHECKOUT OPTIONS:
  ObjectiveSugar:
    :commit: a0e40680df15500442d52aff6297532cd7131406
    :git: git@github.com:jconst/ObjectiveSugar.git

SPEC CHECKSUMS:
  Archimedes: f2de3a19892908a92c9ad4d23f6776b377f7ed28
  libpd: f9e63d090e284438826f9b2fdc0810dbb9889e6f
  ObjectiveSugar: 085698df93ceaffba937eafd0a28c7be475d8f29
  ReactiveCocoa: 8418a82b67af2f1b7587baf29c329040a23c2063
  ReactiveCocoaLayout: 55d636c5c01e4a154173746f2bb9238ac7184f0d

COCOAPODS: 0.36.0.beta.1
