PODS:
  - libpd (0.7.0)
  - ObjectiveSugar (1.1.0)
  - ReactiveCocoa (2.4.7):
    - ReactiveCocoa/UI (= 2.4.7)
  - ReactiveCocoa/Core (2.4.7):
    - ReactiveCocoa/no-arc
  - ReactiveCocoa/no-arc (2.4.7)
  - ReactiveCocoa/UI (2.4.7):
    - ReactiveCocoa/Core

DEPENDENCIES:
  - libpd
  - ObjectiveSugar
  - ReactiveCocoa

SPEC CHECKSUMS:
  libpd: 73e50c4998c95addfb7c47bd9054b9c40019d3fc
  ObjectiveSugar: a6a25f23d657c19df0a0b972466d5b5ca9f5295c
  ReactiveCocoa: eb38dee0a0e698f73a9b25e5c1faea2bb4c79240

COCOAPODS: 0.39.0
